<Solution>
  <Project Path="LoadingIndicators.Avalonia.Demo/LoadingIndicators.Avalonia.Demo.Browser/LoadingIndicators.Avalonia.Demo.Browser.csproj" />
  <Project Path="LoadingIndicators.Avalonia.Demo/LoadingIndicators.Avalonia.Demo.Desktop/LoadingIndicators.Avalonia.Demo.Desktop.csproj" />
  <Project Path="LoadingIndicators.Avalonia.Demo/LoadingIndicators.Avalonia.Demo/LoadingIndicators.Avalonia.Demo.csproj" />
  <Project Path="LoadingIndicators.Avalonia/LoadingIndicators.Avalonia.csproj" />
</Solution>
